// !$*UTF8*$!
{
	archiveVersion = 1;
	classes = {
	};
	objectVersion = 46;
	objects = {

/* Begin PBXBuildFile section */
		55467509181E879B00DF295D /* Color.m in Sources */ = {isa = PBXBuildFile; fileRef = 55467508181E879B00DF295D /* Color.m */; };
		5547F8B518171362003A0E68 /* MobileCoreServices.framework in Frameworks */ = {isa = PBXBuildFile; fileRef = 5547F8B418171362003A0E68 /* MobileCoreServices.framework */; };
		5547F8B8181718A8003A0E68 /* MainMenuViewController.m in Sources */ = {isa = PBXBuildFile; fileRef = 5547F8B7181718A8003A0E68 /* MainMenuViewController.m */; };
		55508ADF181EE31A0057FBE1 /* HighlightView.m in Sources */ = {isa = PBXBuildFile; fileRef = 55508ADE181EE31A0057FBE1 /* HighlightView.m */; };
		555C3282181FC9BE00B1BA60 /* GPUImage.framework in Frameworks */ = {isa = PBXBuildFile; fileRef = 55DF58651812B0FC00EFCC8A /* GPUImage.framework */; };
		55CB8CEF181116BF00576A60 /* Photo.m in Sources */ = {isa = PBXBuildFile; fileRef = 55CB8CEE181116BF00576A60 /* Photo.m */; };
		55CB8CFB1811695400576A60 /* Main_iPhone.storyboard in Resources */ = {isa = PBXBuildFile; fileRef = 55CB8CF91811695400576A60 /* Main_iPhone.storyboard */; };
		55D952491811B00600F2647A /* Player.m in Sources */ = {isa = PBXBuildFile; fileRef = 55D952481811B00600F2647A /* Player.m */; };
		55D9524C1811B01F00F2647A /* Game.m in Sources */ = {isa = PBXBuildFile; fileRef = 55D9524B1811B01F00F2647A /* Game.m */; };
		55DF585C18120DD900EFCC8A /* QuartzCore.framework in Frameworks */ = {isa = PBXBuildFile; fileRef = 55DF585B18120DD900EFCC8A /* QuartzCore.framework */; };
		55E4E9791814709B007EDC08 /* ISpyProgressView.m in Sources */ = {isa = PBXBuildFile; fileRef = 55E4E9781814709B007EDC08 /* ISpyProgressView.m */; };
		55E4E97C181470D5007EDC08 /* UICountingLabel.m in Sources */ = {isa = PBXBuildFile; fileRef = 55E4E97B181470D5007EDC08 /* UICountingLabel.m */; };
		55EEE8E71825483200B73692 /* placeholderMenu.png in Resources */ = {isa = PBXBuildFile; fileRef = 55EEE8E61825483200B73692 /* placeholderMenu.png */; };
		55EEE8E91825483E00B73692 /* cameraTransition.png in Resources */ = {isa = PBXBuildFile; fileRef = 55EEE8E81825483E00B73692 /* cameraTransition.png */; };
		55EEE8EC1825496E00B73692 /* UIView+Bounce.m in Sources */ = {isa = PBXBuildFile; fileRef = 55EEE8EB1825496E00B73692 /* UIView+Bounce.m */; };
		55F0C53B1825A589000D6909 /* iAd.framework in Frameworks */ = {isa = PBXBuildFile; fileRef = 55F0C53A1825A589000D6909 /* iAd.framework */; };
		55F7D8551802CA680050876C /* Foundation.framework in Frameworks */ = {isa = PBXBuildFile; fileRef = 55F7D8541802CA680050876C /* Foundation.framework */; };
		55F7D8571802CA680050876C /* CoreGraphics.framework in Frameworks */ = {isa = PBXBuildFile; fileRef = 55F7D8561802CA680050876C /* CoreGraphics.framework */; };
		55F7D8591802CA680050876C /* UIKit.framework in Frameworks */ = {isa = PBXBuildFile; fileRef = 55F7D8581802CA680050876C /* UIKit.framework */; };
		55F7D85F1802CA680050876C /* InfoPlist.strings in Resources */ = {isa = PBXBuildFile; fileRef = 55F7D85D1802CA680050876C /* InfoPlist.strings */; };
		55F7D8611802CA680050876C /* main.m in Sources */ = {isa = PBXBuildFile; fileRef = 55F7D8601802CA680050876C /* main.m */; };
		55F7D8651802CA680050876C /* AppDelegate.m in Sources */ = {isa = PBXBuildFile; fileRef = 55F7D8641802CA680050876C /* AppDelegate.m */; };
		55F7D86E1802CA680050876C /* SinglePlayerViewController.m in Sources */ = {isa = PBXBuildFile; fileRef = 55F7D86D1802CA680050876C /* SinglePlayerViewController.m */; };
		55F7D8701802CA680050876C /* Images.xcassets in Resources */ = {isa = PBXBuildFile; fileRef = 55F7D86F1802CA680050876C /* Images.xcassets */; };
		55F7D8771802CA680050876C /* XCTest.framework in Frameworks */ = {isa = PBXBuildFile; fileRef = 55F7D8761802CA680050876C /* XCTest.framework */; };
		55F7D8781802CA680050876C /* Foundation.framework in Frameworks */ = {isa = PBXBuildFile; fileRef = 55F7D8541802CA680050876C /* Foundation.framework */; };
		55F7D8791802CA680050876C /* UIKit.framework in Frameworks */ = {isa = PBXBuildFile; fileRef = 55F7D8581802CA680050876C /* UIKit.framework */; };
		55F7D8811802CA680050876C /* InfoPlist.strings in Resources */ = {isa = PBXBuildFile; fileRef = 55F7D87F1802CA680050876C /* InfoPlist.strings */; };
		55F7D8831802CA680050876C /* I_spyTests.m in Sources */ = {isa = PBXBuildFile; fileRef = 55F7D8821802CA680050876C /* I_spyTests.m */; };
/* End PBXBuildFile section */

/* Begin PBXContainerItemProxy section */
		55F7D87A1802CA680050876C /* PBXContainerItemProxy */ = {
			isa = PBXContainerItemProxy;
			containerPortal = 55F7D8491802CA680050876C /* Project object */;
			proxyType = 1;
			remoteGlobalIDString = 55F7D8501802CA680050876C;
			remoteInfo = "I spy";
		};
/* End PBXContainerItemProxy section */

/* Begin PBXFileReference section */
		55467507181E879B00DF295D /* Color.h */ = {isa = PBXFileReference; fileEncoding = 4; lastKnownFileType = sourcecode.c.h; path = Color.h; sourceTree = "<group>"; };
		55467508181E879B00DF295D /* Color.m */ = {isa = PBXFileReference; fileEncoding = 4; lastKnownFileType = sourcecode.c.objc; path = Color.m; sourceTree = "<group>"; };
		5547F8B418171362003A0E68 /* MobileCoreServices.framework */ = {isa = PBXFileReference; lastKnownFileType = wrapper.framework; name = MobileCoreServices.framework; path = System/Library/Frameworks/MobileCoreServices.framework; sourceTree = SDKROOT; };
		5547F8B6181718A8003A0E68 /* MainMenuViewController.h */ = {isa = PBXFileReference; fileEncoding = 4; lastKnownFileType = sourcecode.c.h; path = MainMenuViewController.h; sourceTree = "<group>"; };
		5547F8B7181718A8003A0E68 /* MainMenuViewController.m */ = {isa = PBXFileReference; fileEncoding = 4; lastKnownFileType = sourcecode.c.objc; path = MainMenuViewController.m; sourceTree = "<group>"; };
		55508ADD181EE31A0057FBE1 /* HighlightView.h */ = {isa = PBXFileReference; fileEncoding = 4; lastKnownFileType = sourcecode.c.h; path = HighlightView.h; sourceTree = "<group>"; };
		55508ADE181EE31A0057FBE1 /* HighlightView.m */ = {isa = PBXFileReference; fileEncoding = 4; lastKnownFileType = sourcecode.c.objc; path = HighlightView.m; sourceTree = "<group>"; };
		556220EE181770360025919B /* GPUImage.framework */ = {isa = PBXFileReference; lastKnownFileType = wrapper.framework; name = GPUImage.framework; path = "../../../Desktop/GPUImage-master/build/GPUImage.framework"; sourceTree = "<group>"; };
		55CB8CED181116BF00576A60 /* Photo.h */ = {isa = PBXFileReference; fileEncoding = 4; lastKnownFileType = sourcecode.c.h; path = Photo.h; sourceTree = "<group>"; };
		55CB8CEE181116BF00576A60 /* Photo.m */ = {isa = PBXFileReference; fileEncoding = 4; lastKnownFileType = sourcecode.c.objc; path = Photo.m; sourceTree = "<group>"; };
		55CB8CF0181116DE00576A60 /* UIColoring.h */ = {isa = PBXFileReference; fileEncoding = 4; lastKnownFileType = sourcecode.c.h; path = UIColoring.h; sourceTree = "<group>"; };
		55CB8CFA1811695400576A60 /* Base */ = {isa = PBXFileReference; lastKnownFileType = file.storyboard; name = Base; path = Base.lproj/Main_iPhone.storyboard; sourceTree = "<group>"; };
		55D952471811B00600F2647A /* Player.h */ = {isa = PBXFileReference; fileEncoding = 4; lastKnownFileType = sourcecode.c.h; path = Player.h; sourceTree = "<group>"; };
		55D952481811B00600F2647A /* Player.m */ = {isa = PBXFileReference; fileEncoding = 4; lastKnownFileType = sourcecode.c.objc; path = Player.m; sourceTree = "<group>"; };
		55D9524A1811B01F00F2647A /* Game.h */ = {isa = PBXFileReference; fileEncoding = 4; lastKnownFileType = sourcecode.c.h; path = Game.h; sourceTree = "<group>"; };
		55D9524B1811B01F00F2647A /* Game.m */ = {isa = PBXFileReference; fileEncoding = 4; lastKnownFileType = sourcecode.c.objc; path = Game.m; sourceTree = "<group>"; };
		55DF585B18120DD900EFCC8A /* QuartzCore.framework */ = {isa = PBXFileReference; lastKnownFileType = wrapper.framework; name = QuartzCore.framework; path = ../../../../../../../../../../Applications/Xcode.app/Contents/Developer/Platforms/iPhoneOS.platform/Developer/SDKs/iPhoneOS7.0.sdk/System/Library/Frameworks/QuartzCore.framework; sourceTree = BUILT_PRODUCTS_DIR; };
		55DF58651812B0FC00EFCC8A /* GPUImage.framework */ = {isa = PBXFileReference; lastKnownFileType = wrapper.framework; path = GPUImage.framework; sourceTree = "<group>"; };
		55E4E9771814709B007EDC08 /* ISpyProgressView.h */ = {isa = PBXFileReference; fileEncoding = 4; lastKnownFileType = sourcecode.c.h; name = ISpyProgressView.h; path = ../ISpyProgressView.h; sourceTree = "<group>"; };
		55E4E9781814709B007EDC08 /* ISpyProgressView.m */ = {isa = PBXFileReference; fileEncoding = 4; lastKnownFileType = sourcecode.c.objc; name = ISpyProgressView.m; path = ../ISpyProgressView.m; sourceTree = "<group>"; };
		55E4E97A181470D5007EDC08 /* UICountingLabel.h */ = {isa = PBXFileReference; fileEncoding = 4; lastKnownFileType = sourcecode.c.h; name = UICountingLabel.h; path = ../UICountingLabel.h; sourceTree = "<group>"; };
		55E4E97B181470D5007EDC08 /* UICountingLabel.m */ = {isa = PBXFileReference; fileEncoding = 4; lastKnownFileType = sourcecode.c.objc; name = UICountingLabel.m; path = ../UICountingLabel.m; sourceTree = "<group>"; };
		55EEE8E61825483200B73692 /* placeholderMenu.png */ = {isa = PBXFileReference; lastKnownFileType = image.png; path = placeholderMenu.png; sourceTree = "<group>"; };
		55EEE8E81825483E00B73692 /* cameraTransition.png */ = {isa = PBXFileReference; lastKnownFileType = image.png; path = cameraTransition.png; sourceTree = "<group>"; };
		55EEE8EA1825496E00B73692 /* UIView+Bounce.h */ = {isa = PBXFileReference; fileEncoding = 4; lastKnownFileType = sourcecode.c.h; path = "UIView+Bounce.h"; sourceTree = "<group>"; };
		55EEE8EB1825496E00B73692 /* UIView+Bounce.m */ = {isa = PBXFileReference; fileEncoding = 4; lastKnownFileType = sourcecode.c.objc; path = "UIView+Bounce.m"; sourceTree = "<group>"; };
		55F0C53A1825A589000D6909 /* iAd.framework */ = {isa = PBXFileReference; lastKnownFileType = wrapper.framework; name = iAd.framework; path = System/Library/Frameworks/iAd.framework; sourceTree = SDKROOT; };
		55F7D8511802CA680050876C /* I spy.app */ = {isa = PBXFileReference; explicitFileType = wrapper.application; includeInIndex = 0; path = "I spy.app"; sourceTree = BUILT_PRODUCTS_DIR; };
		55F7D8541802CA680050876C /* Foundation.framework */ = {isa = PBXFileReference; lastKnownFileType = wrapper.framework; name = Foundation.framework; path = System/Library/Frameworks/Foundation.framework; sourceTree = SDKROOT; };
		55F7D8561802CA680050876C /* CoreGraphics.framework */ = {isa = PBXFileReference; lastKnownFileType = wrapper.framework; name = CoreGraphics.framework; path = System/Library/Frameworks/CoreGraphics.framework; sourceTree = SDKROOT; };
		55F7D8581802CA680050876C /* UIKit.framework */ = {isa = PBXFileReference; lastKnownFileType = wrapper.framework; name = UIKit.framework; path = System/Library/Frameworks/UIKit.framework; sourceTree = SDKROOT; };
		55F7D85C1802CA680050876C /* I spy-Info.plist */ = {isa = PBXFileReference; lastKnownFileType = text.plist.xml; path = "I spy-Info.plist"; sourceTree = "<group>"; };
		55F7D85E1802CA680050876C /* en */ = {isa = PBXFileReference; lastKnownFileType = text.plist.strings; name = en; path = en.lproj/InfoPlist.strings; sourceTree = "<group>"; };
		55F7D8601802CA680050876C /* main.m */ = {isa = PBXFileReference; lastKnownFileType = sourcecode.c.objc; path = main.m; sourceTree = "<group>"; };
		55F7D8621802CA680050876C /* I spy-Prefix.pch */ = {isa = PBXFileReference; lastKnownFileType = sourcecode.c.h; path = "I spy-Prefix.pch"; sourceTree = "<group>"; };
		55F7D8631802CA680050876C /* AppDelegate.h */ = {isa = PBXFileReference; lastKnownFileType = sourcecode.c.h; path = AppDelegate.h; sourceTree = "<group>"; };
		55F7D8641802CA680050876C /* AppDelegate.m */ = {isa = PBXFileReference; lastKnownFileType = sourcecode.c.objc; path = AppDelegate.m; sourceTree = "<group>"; };
		55F7D86C1802CA680050876C /* SinglePlayerViewController.h */ = {isa = PBXFileReference; lastKnownFileType = sourcecode.c.h; path = SinglePlayerViewController.h; sourceTree = "<group>"; };
		55F7D86D1802CA680050876C /* SinglePlayerViewController.m */ = {isa = PBXFileReference; lastKnownFileType = sourcecode.c.objc; path = SinglePlayerViewController.m; sourceTree = "<group>"; };
		55F7D86F1802CA680050876C /* Images.xcassets */ = {isa = PBXFileReference; lastKnownFileType = folder.assetcatalog; path = Images.xcassets; sourceTree = "<group>"; };
		55F7D8751802CA680050876C /* I spyTests.xctest */ = {isa = PBXFileReference; explicitFileType = wrapper.cfbundle; includeInIndex = 0; path = "I spyTests.xctest"; sourceTree = BUILT_PRODUCTS_DIR; };
		55F7D8761802CA680050876C /* XCTest.framework */ = {isa = PBXFileReference; lastKnownFileType = wrapper.framework; name = XCTest.framework; path = Library/Frameworks/XCTest.framework; sourceTree = DEVELOPER_DIR; };
		55F7D87E1802CA680050876C /* I spyTests-Info.plist */ = {isa = PBXFileReference; lastKnownFileType = text.plist.xml; path = "I spyTests-Info.plist"; sourceTree = "<group>"; };
		55F7D8801802CA680050876C /* en */ = {isa = PBXFileReference; lastKnownFileType = text.plist.strings; name = en; path = en.lproj/InfoPlist.strings; sourceTree = "<group>"; };
		55F7D8821802CA680050876C /* I_spyTests.m */ = {isa = PBXFileReference; lastKnownFileType = sourcecode.c.objc; path = I_spyTests.m; sourceTree = "<group>"; };
/* End PBXFileReference section */

/* Begin PBXFrameworksBuildPhase section */
		55F7D84E1802CA680050876C /* Frameworks */ = {
			isa = PBXFrameworksBuildPhase;
			buildActionMask = 2147483647;
			files = (
				55F0C53B1825A589000D6909 /* iAd.framework in Frameworks */,
				555C3282181FC9BE00B1BA60 /* GPUImage.framework in Frameworks */,
				5547F8B518171362003A0E68 /* MobileCoreServices.framework in Frameworks */,
				55DF585C18120DD900EFCC8A /* QuartzCore.framework in Frameworks */,
				55F7D8571802CA680050876C /* CoreGraphics.framework in Frameworks */,
				55F7D8591802CA680050876C /* UIKit.framework in Frameworks */,
				55F7D8551802CA680050876C /* Foundation.framework in Frameworks */,
			);
			runOnlyForDeploymentPostprocessing = 0;
		};
		55F7D8721802CA680050876C /* Frameworks */ = {
			isa = PBXFrameworksBuildPhase;
			buildActionMask = 2147483647;
			files = (
				55F7D8771802CA680050876C /* XCTest.framework in Frameworks */,
				55F7D8791802CA680050876C /* UIKit.framework in Frameworks */,
				55F7D8781802CA680050876C /* Foundation.framework in Frameworks */,
			);
			runOnlyForDeploymentPostprocessing = 0;
		};
/* End PBXFrameworksBuildPhase section */

/* Begin PBXGroup section */
		55354D16181EF10A001F689B /* Model */ = {
			isa = PBXGroup;
			children = (
				55D952471811B00600F2647A /* Player.h */,
				55D952481811B00600F2647A /* Player.m */,
				55467507181E879B00DF295D /* Color.h */,
				55467508181E879B00DF295D /* Color.m */,
				55CB8CED181116BF00576A60 /* Photo.h */,
				55CB8CEE181116BF00576A60 /* Photo.m */,
				55CB8CF0181116DE00576A60 /* UIColoring.h */,
			);
			name = Model;
			sourceTree = "<group>";
		};
		55354D17181EF115001F689B /* View */ = {
			isa = PBXGroup;
			children = (
				55E4E9771814709B007EDC08 /* ISpyProgressView.h */,
				55E4E9781814709B007EDC08 /* ISpyProgressView.m */,
				55E4E97A181470D5007EDC08 /* UICountingLabel.h */,
				55E4E97B181470D5007EDC08 /* UICountingLabel.m */,
				55508ADD181EE31A0057FBE1 /* HighlightView.h */,
				55508ADE181EE31A0057FBE1 /* HighlightView.m */,
				55CB8CF91811695400576A60 /* Main_iPhone.storyboard */,
				55EEE8EA1825496E00B73692 /* UIView+Bounce.h */,
				55EEE8EB1825496E00B73692 /* UIView+Bounce.m */,
			);
			name = View;
			sourceTree = "<group>";
		};
		55354D18181EF11C001F689B /* Controller */ = {
			isa = PBXGroup;
			children = (
				5547F8B6181718A8003A0E68 /* MainMenuViewController.h */,
				5547F8B7181718A8003A0E68 /* MainMenuViewController.m */,
				55F7D86C1802CA680050876C /* SinglePlayerViewController.h */,
				55F7D86D1802CA680050876C /* SinglePlayerViewController.m */,
				55F7D8631802CA680050876C /* AppDelegate.h */,
				55F7D8641802CA680050876C /* AppDelegate.m */,
				55D9524A1811B01F00F2647A /* Game.h */,
				55D9524B1811B01F00F2647A /* Game.m */,
			);
			name = Controller;
			sourceTree = "<group>";
		};
		55354D19181EFB02001F689B /* Resources */ = {
			isa = PBXGroup;
			children = (
				55EEE8E81825483E00B73692 /* cameraTransition.png */,
				55EEE8E61825483200B73692 /* placeholderMenu.png */,
			);
			name = Resources;
			sourceTree = "<group>";
		};
		55F7D8481802CA680050876C = {
			isa = PBXGroup;
			children = (
				55F7D85A1802CA680050876C /* I spy */,
				55F7D87C1802CA680050876C /* I spyTests */,
				55F7D8531802CA680050876C /* Frameworks */,
				55F7D8521802CA680050876C /* Products */,
			);
			sourceTree = "<group>";
		};
		55F7D8521802CA680050876C /* Products */ = {
			isa = PBXGroup;
			children = (
				55F7D8511802CA680050876C /* I spy.app */,
				55F7D8751802CA680050876C /* I spyTests.xctest */,
			);
			name = Products;
			sourceTree = "<group>";
		};
		55F7D8531802CA680050876C /* Frameworks */ = {
			isa = PBXGroup;
			children = (
				55F0C53A1825A589000D6909 /* iAd.framework */,
				556220EE181770360025919B /* GPUImage.framework */,
				5547F8B418171362003A0E68 /* MobileCoreServices.framework */,
				55DF58651812B0FC00EFCC8A /* GPUImage.framework */,
				55DF585B18120DD900EFCC8A /* QuartzCore.framework */,
				55F7D8541802CA680050876C /* Foundation.framework */,
				55F7D8561802CA680050876C /* CoreGraphics.framework */,
				55F7D8581802CA680050876C /* UIKit.framework */,
				55F7D8761802CA680050876C /* XCTest.framework */,
			);
			name = Frameworks;
			sourceTree = "<group>";
		};
		55F7D85A1802CA680050876C /* I spy */ = {
			isa = PBXGroup;
			children = (
				55354D16181EF10A001F689B /* Model */,
				55354D17181EF115001F689B /* View */,
				55354D18181EF11C001F689B /* Controller */,
				55354D19181EFB02001F689B /* Resources */,
				55F7D86F1802CA680050876C /* Images.xcassets */,
				55F7D85B1802CA680050876C /* Supporting Files */,
			);
			path = "I spy";
			sourceTree = "<group>";
		};
		55F7D85B1802CA680050876C /* Supporting Files */ = {
			isa = PBXGroup;
			children = (
				55F7D85C1802CA680050876C /* I spy-Info.plist */,
				55F7D85D1802CA680050876C /* InfoPlist.strings */,
				55F7D8601802CA680050876C /* main.m */,
				55F7D8621802CA680050876C /* I spy-Prefix.pch */,
			);
			name = "Supporting Files";
			sourceTree = "<group>";
		};
		55F7D87C1802CA680050876C /* I spyTests */ = {
			isa = PBXGroup;
			children = (
				55F7D8821802CA680050876C /* I_spyTests.m */,
				55F7D87D1802CA680050876C /* Supporting Files */,
			);
			path = "I spyTests";
			sourceTree = "<group>";
		};
		55F7D87D1802CA680050876C /* Supporting Files */ = {
			isa = PBXGroup;
			children = (
				55F7D87E1802CA680050876C /* I spyTests-Info.plist */,
				55F7D87F1802CA680050876C /* InfoPlist.strings */,
			);
			name = "Supporting Files";
			sourceTree = "<group>";
		};
/* End PBXGroup section */

/* Begin PBXNativeTarget section */
		55F7D8501802CA680050876C /* I spy */ = {
			isa = PBXNativeTarget;
			buildConfigurationList = 55F7D8861802CA680050876C /* Build configuration list for PBXNativeTarget "I spy" */;
			buildPhases = (
				55F7D84D1802CA680050876C /* Sources */,
				55F7D84E1802CA680050876C /* Frameworks */,
				55F7D84F1802CA680050876C /* Resources */,
			);
			buildRules = (
			);
			dependencies = (
			);
			name = "I spy";
			productName = "I spy";
			productReference = 55F7D8511802CA680050876C /* I spy.app */;
			productType = "com.apple.product-type.application";
		};
		55F7D8741802CA680050876C /* I spyTests */ = {
			isa = PBXNativeTarget;
			buildConfigurationList = 55F7D8891802CA680050876C /* Build configuration list for PBXNativeTarget "I spyTests" */;
			buildPhases = (
				55F7D8711802CA680050876C /* Sources */,
				55F7D8721802CA680050876C /* Frameworks */,
				55F7D8731802CA680050876C /* Resources */,
			);
			buildRules = (
			);
			dependencies = (
				55F7D87B1802CA680050876C /* PBXTargetDependency */,
			);
			name = "I spyTests";
			productName = "I spyTests";
			productReference = 55F7D8751802CA680050876C /* I spyTests.xctest */;
			productType = "com.apple.product-type.bundle.unit-test";
		};
/* End PBXNativeTarget section */

/* Begin PBXProject section */
		55F7D8491802CA680050876C /* Project object */ = {
			isa = PBXProject;
			attributes = {
				LastUpgradeCheck = 0500;
				ORGANIZATIONNAME = hhs;
				TargetAttributes = {
					55F7D8501802CA680050876C = {
						DevelopmentTeam = 3D726KTTX7;
					};
					55F7D8741802CA680050876C = {
						TestTargetID = 55F7D8501802CA680050876C;
					};
				};
			};
			buildConfigurationList = 55F7D84C1802CA680050876C /* Build configuration list for PBXProject "I spy" */;
			compatibilityVersion = "Xcode 3.2";
			developmentRegion = English;
			hasScannedForEncodings = 0;
			knownRegions = (
				en,
				Base,
			);
			mainGroup = 55F7D8481802CA680050876C;
			productRefGroup = 55F7D8521802CA680050876C /* Products */;
			projectDirPath = "";
			projectRoot = "";
			targets = (
				55F7D8501802CA680050876C /* I spy */,
				55F7D8741802CA680050876C /* I spyTests */,
			);
		};
/* End PBXProject section */

/* Begin PBXResourcesBuildPhase section */
		55F7D84F1802CA680050876C /* Resources */ = {
			isa = PBXResourcesBuildPhase;
			buildActionMask = 2147483647;
			files = (
				55EEE8E71825483200B73692 /* placeholderMenu.png in Resources */,
				55CB8CFB1811695400576A60 /* Main_iPhone.storyboard in Resources */,
				55EEE8E91825483E00B73692 /* cameraTransition.png in Resources */,
				55F7D8701802CA680050876C /* Images.xcassets in Resources */,
				55F7D85F1802CA680050876C /* InfoPlist.strings in Resources */,
			);
			runOnlyForDeploymentPostprocessing = 0;
		};
		55F7D8731802CA680050876C /* Resources */ = {
			isa = PBXResourcesBuildPhase;
			buildActionMask = 2147483647;
			files = (
				55F7D8811802CA680050876C /* InfoPlist.strings in Resources */,
			);
			runOnlyForDeploymentPostprocessing = 0;
		};
/* End PBXResourcesBuildPhase section */

/* Begin PBXSourcesBuildPhase section */
		55F7D84D1802CA680050876C /* Sources */ = {
			isa = PBXSourcesBuildPhase;
			buildActionMask = 2147483647;
			files = (
				55CB8CEF181116BF00576A60 /* Photo.m in Sources */,
				55E4E97C181470D5007EDC08 /* UICountingLabel.m in Sources */,
				55F7D86E1802CA680050876C /* SinglePlayerViewController.m in Sources */,
				55F7D8651802CA680050876C /* AppDelegate.m in Sources */,
				5547F8B8181718A8003A0E68 /* MainMenuViewController.m in Sources */,
				55D9524C1811B01F00F2647A /* Game.m in Sources */,
				55EEE8EC1825496E00B73692 /* UIView+Bounce.m in Sources */,
				55E4E9791814709B007EDC08 /* ISpyProgressView.m in Sources */,
				55467509181E879B00DF295D /* Color.m in Sources */,
				55508ADF181EE31A0057FBE1 /* HighlightView.m in Sources */,
				55F7D8611802CA680050876C /* main.m in Sources */,
				55D952491811B00600F2647A /* Player.m in Sources */,
			);
			runOnlyForDeploymentPostprocessing = 0;
		};
		55F7D8711802CA680050876C /* Sources */ = {
			isa = PBXSourcesBuildPhase;
			buildActionMask = 2147483647;
			files = (
				55F7D8831802CA680050876C /* I_spyTests.m in Sources */,
			);
			runOnlyForDeploymentPostprocessing = 0;
		};
/* End PBXSourcesBuildPhase section */

/* Begin PBXTargetDependency section */
		55F7D87B1802CA680050876C /* PBXTargetDependency */ = {
			isa = PBXTargetDependency;
			target = 55F7D8501802CA680050876C /* I spy */;
			targetProxy = 55F7D87A1802CA680050876C /* PBXContainerItemProxy */;
		};
/* End PBXTargetDependency section */

/* Begin PBXVariantGroup section */
		55CB8CF91811695400576A60 /* Main_iPhone.storyboard */ = {
			isa = PBXVariantGroup;
			children = (
				55CB8CFA1811695400576A60 /* Base */,
			);
			name = Main_iPhone.storyboard;
			sourceTree = "<group>";
		};
		55F7D85D1802CA680050876C /* InfoPlist.strings */ = {
			isa = PBXVariantGroup;
			children = (
				55F7D85E1802CA680050876C /* en */,
			);
			name = InfoPlist.strings;
			sourceTree = "<group>";
		};
		55F7D87F1802CA680050876C /* InfoPlist.strings */ = {
			isa = PBXVariantGroup;
			children = (
				55F7D8801802CA680050876C /* en */,
			);
			name = InfoPlist.strings;
			sourceTree = "<group>";
		};
/* End PBXVariantGroup section */

/* Begin XCBuildConfiguration section */
		55F7D8841802CA680050876C /* Debug */ = {
			isa = XCBuildConfiguration;
			buildSettings = {
				ALWAYS_SEARCH_USER_PATHS = NO;
				ARCHS = "$(ARCHS_STANDARD_INCLUDING_64_BIT)";
				CLANG_CXX_LANGUAGE_STANDARD = "gnu++0x";
				CLANG_CXX_LIBRARY = "libc++";
				CLANG_ENABLE_MODULES = YES;
				CLANG_ENABLE_OBJC_ARC = YES;
				CLANG_WARN_BOOL_CONVERSION = YES;
				CLANG_WARN_CONSTANT_CONVERSION = YES;
				CLANG_WARN_DIRECT_OBJC_ISA_USAGE = YES_ERROR;
				CLANG_WARN_EMPTY_BODY = YES;
				CLANG_WARN_ENUM_CONVERSION = YES;
				CLANG_WARN_INT_CONVERSION = YES;
				CLANG_WARN_OBJC_ROOT_CLASS = YES_ERROR;
				CLANG_WARN__DUPLICATE_METHOD_MATCH = YES;
				"CODE_SIGN_IDENTITY[sdk=iphoneos*]" = "iPhone Developer";
				COPY_PHASE_STRIP = NO;
				GCC_C_LANGUAGE_STANDARD = gnu99;
				GCC_DYNAMIC_NO_PIC = NO;
				GCC_OPTIMIZATION_LEVEL = 0;
				GCC_PREPROCESSOR_DEFINITIONS = (
					"DEBUG=1",
					"$(inherited)",
				);
				GCC_SYMBOLS_PRIVATE_EXTERN = NO;
				GCC_WARN_64_TO_32_BIT_CONVERSION = YES;
				GCC_WARN_ABOUT_RETURN_TYPE = YES_ERROR;
				GCC_WARN_UNDECLARED_SELECTOR = YES;
				GCC_WARN_UNINITIALIZED_AUTOS = YES;
				GCC_WARN_UNUSED_FUNCTION = YES;
				GCC_WARN_UNUSED_VARIABLE = YES;
				IPHONEOS_DEPLOYMENT_TARGET = 7.0;
				ONLY_ACTIVE_ARCH = YES;
				SDKROOT = iphoneos;
				TARGETED_DEVICE_FAMILY = "1,2";
			};
			name = Debug;
		};
		55F7D8851802CA680050876C /* Release */ = {
			isa = XCBuildConfiguration;
			buildSettings = {
				ALWAYS_SEARCH_USER_PATHS = NO;
				ARCHS = "$(ARCHS_STANDARD_INCLUDING_64_BIT)";
				CLANG_CXX_LANGUAGE_STANDARD = "gnu++0x";
				CLANG_CXX_LIBRARY = "libc++";
				CLANG_ENABLE_MODULES = YES;
				CLANG_ENABLE_OBJC_ARC = YES;
				CLANG_WARN_BOOL_CONVERSION = YES;
				CLANG_WARN_CONSTANT_CONVERSION = YES;
				CLANG_WARN_DIRECT_OBJC_ISA_USAGE = YES_ERROR;
				CLANG_WARN_EMPTY_BODY = YES;
				CLANG_WARN_ENUM_CONVERSION = YES;
				CLANG_WARN_INT_CONVERSION = YES;
				CLANG_WARN_OBJC_ROOT_CLASS = YES_ERROR;
				CLANG_WARN__DUPLICATE_METHOD_MATCH = YES;
				"CODE_SIGN_IDENTITY[sdk=iphoneos*]" = "iPhone Developer";
				COPY_PHASE_STRIP = YES;
				ENABLE_NS_ASSERTIONS = NO;
				GCC_C_LANGUAGE_STANDARD = gnu99;
				GCC_WARN_64_TO_32_BIT_CONVERSION = YES;
				GCC_WARN_ABOUT_RETURN_TYPE = YES_ERROR;
				GCC_WARN_UNDECLARED_SELECTOR = YES;
				GCC_WARN_UNINITIALIZED_AUTOS = YES;
				GCC_WARN_UNUSED_FUNCTION = YES;
				GCC_WARN_UNUSED_VARIABLE = YES;
				IPHONEOS_DEPLOYMENT_TARGET = 7.0;
				SDKROOT = iphoneos;
				TARGETED_DEVICE_FAMILY = "1,2";
				VALIDATE_PRODUCT = YES;
			};
			name = Release;
		};
		55F7D8871802CA680050876C /* Debug */ = {
			isa = XCBuildConfiguration;
			buildSettings = {
				ASSETCATALOG_COMPILER_APPICON_NAME = AppIcon;
				ASSETCATALOG_COMPILER_LAUNCHIMAGE_NAME = LaunchImage;
				CODE_SIGN_IDENTITY = "iPhone Developer";
				"CODE_SIGN_IDENTITY[sdk=iphoneos*]" = "iPhone Developer";
				FRAMEWORK_SEARCH_PATHS = (
					"$(SRCROOT)",
					"/Users/julianprofas/Desktop/GPUImage-master/build",
					"/Users/julianprofas/repo/kb50/I\\ spy",
				);
				"FRAMEWORK_SEARCH_PATHS[arch=*]" = "$(SRCROOT)";
				GCC_PRECOMPILE_PREFIX_HEADER = YES;
				GCC_PREFIX_HEADER = "I spy/I spy-Prefix.pch";
				INFOPLIST_FILE = "I spy/I spy-Info.plist";
				PRODUCT_NAME = "$(TARGET_NAME)";
				PROVISIONING_PROFILE = "";
				TARGETED_DEVICE_FAMILY = 1;
				WRAPPER_EXTENSION = app;
			};
			name = Debug;
		};
		55F7D8881802CA680050876C /* Release */ = {
			isa = XCBuildConfiguration;
			buildSettings = {
				ASSETCATALOG_COMPILER_APPICON_NAME = AppIcon;
				ASSETCATALOG_COMPILER_LAUNCHIMAGE_NAME = LaunchImage;
				CODE_SIGN_IDENTITY = "iPhone Developer";
				"CODE_SIGN_IDENTITY[sdk=iphoneos*]" = "iPhone Developer";
				FRAMEWORK_SEARCH_PATHS = (
					"$(SRCROOT)",
					"/Users/julianprofas/Desktop/GPUImage-master/build",
					"/Users/julianprofas/repo/kb50/I\\ spy",
				);
				GCC_PRECOMPILE_PREFIX_HEADER = YES;
				GCC_PREFIX_HEADER = "I spy/I spy-Prefix.pch";
				INFOPLIST_FILE = "I spy/I spy-Info.plist";
				PRODUCT_NAME = "$(TARGET_NAME)";
				PROVISIONING_PROFILE = "";
				TARGETED_DEVICE_FAMILY = 1;
				WRAPPER_EXTENSION = app;
			};
			name = Release;
		};
		55F7D88A1802CA680050876C /* Debug */ = {
			isa = XCBuildConfiguration;
			buildSettings = {
				ARCHS = "$(ARCHS_STANDARD_INCLUDING_64_BIT)";
				BUNDLE_LOADER = "$(BUILT_PRODUCTS_DIR)/I spy.app/I spy";
				FRAMEWORK_SEARCH_PATHS = (
					"$(SDKROOT)/Developer/Library/Frameworks",
					"$(inherited)",
					"$(DEVELOPER_FRAMEWORKS_DIR)",
				);
				GCC_PRECOMPILE_PREFIX_HEADER = YES;
				GCC_PREFIX_HEADER = "I spy/I spy-Prefix.pch";
				GCC_PREPROCESSOR_DEFINITIONS = (
					"DEBUG=1",
					"$(inherited)",
				);
				INFOPLIST_FILE = "I spyTests/I spyTests-Info.plist";
				PRODUCT_NAME = "$(TARGET_NAME)";
				TEST_HOST = "$(BUNDLE_LOADER)";
				WRAPPER_EXTENSION = xctest;
			};
			name = Debug;
		};
		55F7D88B1802CA680050876C /* Release */ = {
			isa = XCBuildConfiguration;
			buildSettings = {
				ARCHS = "$(ARCHS_STANDARD_INCLUDING_64_BIT)";
				BUNDLE_LOADER = "$(BUILT_PRODUCTS_DIR)/I spy.app/I spy";
				FRAMEWORK_SEARCH_PATHS = (
					"$(SDKROOT)/Developer/Library/Frameworks",
					"$(inherited)",
					"$(DEVELOPER_FRAMEWORKS_DIR)",
				);
				GCC_PRECOMPILE_PREFIX_HEADER = YES;
				GCC_PREFIX_HEADER = "I spy/I spy-Prefix.pch";
				INFOPLIST_FILE = "I spyTests/I spyTests-Info.plist";
				PRODUCT_NAME = "$(TARGET_NAME)";
				TEST_HOST = "$(BUNDLE_LOADER)";
				WRAPPER_EXTENSION = xctest;
			};
			name = Release;
		};
/* End XCBuildConfiguration section */

/* Begin XCConfigurationList section */
		55F7D84C1802CA680050876C /* Build configuration list for PBXProject "I spy" */ = {
			isa = XCConfigurationList;
			buildConfigurations = (
				55F7D8841802CA680050876C /* Debug */,
				55F7D8851802CA680050876C /* Release */,
			);
			defaultConfigurationIsVisible = 0;
			defaultConfigurationName = Release;
		};
		55F7D8861802CA680050876C /* Build configuration list for PBXNativeTarget "I spy" */ = {
			isa = XCConfigurationList;
			buildConfigurations = (
				55F7D8871802CA680050876C /* Debug */,
				55F7D8881802CA680050876C /* Release */,
			);
			defaultConfigurationIsVisible = 0;
			defaultConfigurationName = Release;
		};
		55F7D8891802CA680050876C /* Build configuration list for PBXNativeTarget "I spyTests" */ = {
			isa = XCConfigurationList;
			buildConfigurations = (
				55F7D88A1802CA680050876C /* Debug */,
				55F7D88B1802CA680050876C /* Release */,
			);
			defaultConfigurationIsVisible = 0;
			defaultConfigurationName = Release;
		};
/* End XCConfigurationList section */
	};
	rootObject = 55F7D8491802CA680050876C /* Project object */;
}
