// !$*UTF8*$!
{
	archiveVersion = 1;
	classes = {
	};
	objectVersion = 46;
	objects = {

/* Begin PBXBuildFile section */
		55F9C26817E45CF700C2B07A /* Foundation.framework in Frameworks */ = {isa = PBXBuildFile; fileRef = 55F9C26717E45CF700C2B07A /* Foundation.framework */; };
		55F9C26B17E45CF700C2B07A /* main.m in Sources */ = {isa = PBXBuildFile; fileRef = 55F9C26A17E45CF700C2B07A /* main.m */; };
		55F9C26F17E45CF700C2B07A /* Checkers.1 in CopyFiles */ = {isa = PBXBuildFile; fileRef = 55F9C26E17E45CF700C2B07A /* Checkers.1 */; };
		55F9C27717E45D1600C2B07A /* Game.m in Sources */ = {isa = PBXBuildFile; fileRef = 55F9C27617E45D1600C2B07A /* Game.m */; };
		55F9C27A17E45D2B00C2B07A /* Board.m in Sources */ = {isa = PBXBuildFile; fileRef = 55F9C27917E45D2B00C2B07A /* Board.m */; };
		55F9C27D17E45D4900C2B07A /* Move.m in Sources */ = {isa = PBXBuildFile; fileRef = 55F9C27C17E45D4900C2B07A /* Move.m */; };
		55F9C28317E45D6B00C2B07A /* Player.m in Sources */ = {isa = PBXBuildFile; fileRef = 55F9C28217E45D6B00C2B07A /* Player.m */; };
		55F9C28617E45D7600C2B07A /* Square.m in Sources */ = {isa = PBXBuildFile; fileRef = 55F9C28517E45D7600C2B07A /* Square.m */; };
/* End PBXBuildFile section */

/* Begin PBXCopyFilesBuildPhase section */
		55F9C26217E45CF700C2B07A /* CopyFiles */ = {
			isa = PBXCopyFilesBuildPhase;
			buildActionMask = 2147483647;
			dstPath = /usr/share/man/man1/;
			dstSubfolderSpec = 0;
			files = (
				55F9C26F17E45CF700C2B07A /* Checkers.1 in CopyFiles */,
			);
			runOnlyForDeploymentPostprocessing = 1;
		};
/* End PBXCopyFilesBuildPhase section */

/* Begin PBXFileReference section */
		55F9C26417E45CF700C2B07A /* Checkers */ = {isa = PBXFileReference; explicitFileType = "compiled.mach-o.executable"; includeInIndex = 0; path = Checkers; sourceTree = BUILT_PRODUCTS_DIR; };
		55F9C26717E45CF700C2B07A /* Foundation.framework */ = {isa = PBXFileReference; lastKnownFileType = wrapper.framework; name = Foundation.framework; path = System/Library/Frameworks/Foundation.framework; sourceTree = SDKROOT; };
		55F9C26A17E45CF700C2B07A /* main.m */ = {isa = PBXFileReference; lastKnownFileType = sourcecode.c.objc; path = main.m; sourceTree = "<group>"; };
		55F9C26D17E45CF700C2B07A /* Checkers-Prefix.pch */ = {isa = PBXFileReference; lastKnownFileType = sourcecode.c.h; path = "Checkers-Prefix.pch"; sourceTree = "<group>"; };
		55F9C26E17E45CF700C2B07A /* Checkers.1 */ = {isa = PBXFileReference; lastKnownFileType = text.man; path = Checkers.1; sourceTree = "<group>"; };
		55F9C27517E45D1600C2B07A /* Game.h */ = {isa = PBXFileReference; fileEncoding = 4; lastKnownFileType = sourcecode.c.h; path = Game.h; sourceTree = "<group>"; };
		55F9C27617E45D1600C2B07A /* Game.m */ = {isa = PBXFileReference; fileEncoding = 4; lastKnownFileType = sourcecode.c.objc; path = Game.m; sourceTree = "<group>"; };
		55F9C27817E45D2B00C2B07A /* Board.h */ = {isa = PBXFileReference; fileEncoding = 4; lastKnownFileType = sourcecode.c.h; path = Board.h; sourceTree = "<group>"; };
		55F9C27917E45D2B00C2B07A /* Board.m */ = {isa = PBXFileReference; fileEncoding = 4; lastKnownFileType = sourcecode.c.objc; path = Board.m; sourceTree = "<group>"; };
		55F9C27B17E45D4900C2B07A /* Move.h */ = {isa = PBXFileReference; fileEncoding = 4; lastKnownFileType = sourcecode.c.h; path = Move.h; sourceTree = "<group>"; };
		55F9C27C17E45D4900C2B07A /* Move.m */ = {isa = PBXFileReference; fileEncoding = 4; lastKnownFileType = sourcecode.c.objc; path = Move.m; sourceTree = "<group>"; };
		55F9C28117E45D6B00C2B07A /* Player.h */ = {isa = PBXFileReference; fileEncoding = 4; lastKnownFileType = sourcecode.c.h; path = Player.h; sourceTree = "<group>"; };
		55F9C28217E45D6B00C2B07A /* Player.m */ = {isa = PBXFileReference; fileEncoding = 4; lastKnownFileType = sourcecode.c.objc; path = Player.m; sourceTree = "<group>"; };
		55F9C28417E45D7600C2B07A /* Square.h */ = {isa = PBXFileReference; fileEncoding = 4; lastKnownFileType = sourcecode.c.h; path = Square.h; sourceTree = "<group>"; };
		55F9C28517E45D7600C2B07A /* Square.m */ = {isa = PBXFileReference; fileEncoding = 4; lastKnownFileType = sourcecode.c.objc; path = Square.m; sourceTree = "<group>"; };
/* End PBXFileReference section */

/* Begin PBXFrameworksBuildPhase section */
		55F9C26117E45CF700C2B07A /* Frameworks */ = {
			isa = PBXFrameworksBuildPhase;
			buildActionMask = 2147483647;
			files = (
				55F9C26817E45CF700C2B07A /* Foundation.framework in Frameworks */,
			);
			runOnlyForDeploymentPostprocessing = 0;
		};
/* End PBXFrameworksBuildPhase section */

/* Begin PBXGroup section */
		55F9C25B17E45CF700C2B07A = {
			isa = PBXGroup;
			children = (
				55F9C26917E45CF700C2B07A /* Checkers */,
				55F9C26617E45CF700C2B07A /* Frameworks */,
				55F9C26517E45CF700C2B07A /* Products */,
			);
			sourceTree = "<group>";
		};
		55F9C26517E45CF700C2B07A /* Products */ = {
			isa = PBXGroup;
			children = (
				55F9C26417E45CF700C2B07A /* Checkers */,
			);
			name = Products;
			sourceTree = "<group>";
		};
		55F9C26617E45CF700C2B07A /* Frameworks */ = {
			isa = PBXGroup;
			children = (
				55F9C26717E45CF700C2B07A /* Foundation.framework */,
			);
			name = Frameworks;
			sourceTree = "<group>";
		};
		55F9C26917E45CF700C2B07A /* Checkers */ = {
			isa = PBXGroup;
			children = (
				55F9C26A17E45CF700C2B07A /* main.m */,
				55F9C26E17E45CF700C2B07A /* Checkers.1 */,
				55F9C26C17E45CF700C2B07A /* Supporting Files */,
				55F9C27517E45D1600C2B07A /* Game.h */,
				55F9C27617E45D1600C2B07A /* Game.m */,
				55F9C27817E45D2B00C2B07A /* Board.h */,
				55F9C27917E45D2B00C2B07A /* Board.m */,
				55F9C27B17E45D4900C2B07A /* Move.h */,
				55F9C27C17E45D4900C2B07A /* Move.m */,
				55F9C28117E45D6B00C2B07A /* Player.h */,
				55F9C28217E45D6B00C2B07A /* Player.m */,
				55F9C28417E45D7600C2B07A /* Square.h */,
				55F9C28517E45D7600C2B07A /* Square.m */,
			);
			path = Checkers;
			sourceTree = "<group>";
		};
		55F9C26C17E45CF700C2B07A /* Supporting Files */ = {
			isa = PBXGroup;
			children = (
				55F9C26D17E45CF700C2B07A /* Checkers-Prefix.pch */,
			);
			name = "Supporting Files";
			sourceTree = "<group>";
		};
/* End PBXGroup section */

/* Begin PBXNativeTarget section */
		55F9C26317E45CF700C2B07A /* Checkers */ = {
			isa = PBXNativeTarget;
			buildConfigurationList = 55F9C27217E45CF700C2B07A /* Build configuration list for PBXNativeTarget "Checkers" */;
			buildPhases = (
				55F9C26017E45CF700C2B07A /* Sources */,
				55F9C26117E45CF700C2B07A /* Frameworks */,
				55F9C26217E45CF700C2B07A /* CopyFiles */,
			);
			buildRules = (
			);
			dependencies = (
			);
			name = Checkers;
			productName = Checkers;
			productReference = 55F9C26417E45CF700C2B07A /* Checkers */;
			productType = "com.apple.product-type.tool";
		};
/* End PBXNativeTarget section */

/* Begin PBXProject section */
		55F9C25C17E45CF700C2B07A /* Project object */ = {
			isa = PBXProject;
			attributes = {
				LastUpgradeCheck = 0460;
				ORGANIZATIONNAME = hhs;
			};
			buildConfigurationList = 55F9C25F17E45CF700C2B07A /* Build configuration list for PBXProject "Checkers" */;
			compatibilityVersion = "Xcode 3.2";
			developmentRegion = English;
			hasScannedForEncodings = 0;
			knownRegions = (
				en,
			);
			mainGroup = 55F9C25B17E45CF700C2B07A;
			productRefGroup = 55F9C26517E45CF700C2B07A /* Products */;
			projectDirPath = "";
			projectRoot = "";
			targets = (
				55F9C26317E45CF700C2B07A /* Checkers */,
			);
		};
/* End PBXProject section */

/* Begin PBXSourcesBuildPhase section */
		55F9C26017E45CF700C2B07A /* Sources */ = {
			isa = PBXSourcesBuildPhase;
			buildActionMask = 2147483647;
			files = (
				55F9C26B17E45CF700C2B07A /* main.m in Sources */,
				55F9C27717E45D1600C2B07A /* Game.m in Sources */,
				55F9C27A17E45D2B00C2B07A /* Board.m in Sources */,
				55F9C27D17E45D4900C2B07A /* Move.m in Sources */,
				55F9C28317E45D6B00C2B07A /* Player.m in Sources */,
				55F9C28617E45D7600C2B07A /* Square.m in Sources */,
			);
			runOnlyForDeploymentPostprocessing = 0;
		};
/* End PBXSourcesBuildPhase section */

/* Begin XCBuildConfiguration section */
		55F9C27017E45CF700C2B07A /* Debug */ = {
			isa = XCBuildConfiguration;
			buildSettings = {
				ALWAYS_SEARCH_USER_PATHS = NO;
				ARCHS = "$(ARCHS_STANDARD_64_BIT)";
				CLANG_CXX_LANGUAGE_STANDARD = "gnu++0x";
				CLANG_CXX_LIBRARY = "libc++";
				CLANG_WARN_CONSTANT_CONVERSION = YES;
				CLANG_WARN_EMPTY_BODY = YES;
				CLANG_WARN_ENUM_CONVERSION = YES;
				CLANG_WARN_INT_CONVERSION = YES;
				CLANG_WARN__DUPLICATE_METHOD_MATCH = YES;
				COPY_PHASE_STRIP = NO;
				GCC_C_LANGUAGE_STANDARD = gnu99;
				GCC_DYNAMIC_NO_PIC = NO;
				GCC_ENABLE_OBJC_EXCEPTIONS = YES;
				GCC_OPTIMIZATION_LEVEL = 0;
				GCC_PREPROCESSOR_DEFINITIONS = (
					"DEBUG=1",
					"$(inherited)",
				);
				GCC_SYMBOLS_PRIVATE_EXTERN = NO;
				GCC_WARN_64_TO_32_BIT_CONVERSION = YES;
				GCC_WARN_ABOUT_RETURN_TYPE = YES;
				GCC_WARN_UNINITIALIZED_AUTOS = YES;
				GCC_WARN_UNUSED_VARIABLE = YES;
				MACOSX_DEPLOYMENT_TARGET = 10.8;
				ONLY_ACTIVE_ARCH = YES;
				SDKROOT = macosx;
			};
			name = Debug;
		};
		55F9C27117E45CF700C2B07A /* Release */ = {
			isa = XCBuildConfiguration;
			buildSettings = {
				ALWAYS_SEARCH_USER_PATHS = NO;
				ARCHS = "$(ARCHS_STANDARD_64_BIT)";
				CLANG_CXX_LANGUAGE_STANDARD = "gnu++0x";
				CLANG_CXX_LIBRARY = "libc++";
				CLANG_WARN_CONSTANT_CONVERSION = YES;
				CLANG_WARN_EMPTY_BODY = YES;
				CLANG_WARN_ENUM_CONVERSION = YES;
				CLANG_WARN_INT_CONVERSION = YES;
				CLANG_WARN__DUPLICATE_METHOD_MATCH = YES;
				COPY_PHASE_STRIP = YES;
				DEBUG_INFORMATION_FORMAT = "dwarf-with-dsym";
				GCC_C_LANGUAGE_STANDARD = gnu99;
				GCC_ENABLE_OBJC_EXCEPTIONS = YES;
				GCC_WARN_64_TO_32_BIT_CONVERSION = YES;
				GCC_WARN_ABOUT_RETURN_TYPE = YES;
				GCC_WARN_UNINITIALIZED_AUTOS = YES;
				GCC_WARN_UNUSED_VARIABLE = YES;
				MACOSX_DEPLOYMENT_TARGET = 10.8;
				SDKROOT = macosx;
			};
			name = Release;
		};
		55F9C27317E45CF700C2B07A /* Debug */ = {
			isa = XCBuildConfiguration;
			buildSettings = {
				GCC_PRECOMPILE_PREFIX_HEADER = YES;
				GCC_PREFIX_HEADER = "Checkers/Checkers-Prefix.pch";
				PRODUCT_NAME = "$(TARGET_NAME)";
			};
			name = Debug;
		};
		55F9C27417E45CF700C2B07A /* Release */ = {
			isa = XCBuildConfiguration;
			buildSettings = {
				GCC_PRECOMPILE_PREFIX_HEADER = YES;
				GCC_PREFIX_HEADER = "Checkers/Checkers-Prefix.pch";
				PRODUCT_NAME = "$(TARGET_NAME)";
			};
			name = Release;
		};
/* End XCBuildConfiguration section */

/* Begin XCConfigurationList section */
		55F9C25F17E45CF700C2B07A /* Build configuration list for PBXProject "Checkers" */ = {
			isa = XCConfigurationList;
			buildConfigurations = (
				55F9C27017E45CF700C2B07A /* Debug */,
				55F9C27117E45CF700C2B07A /* Release */,
			);
			defaultConfigurationIsVisible = 0;
			defaultConfigurationName = Release;
		};
		55F9C27217E45CF700C2B07A /* Build configuration list for PBXNativeTarget "Checkers" */ = {
			isa = XCConfigurationList;
			buildConfigurations = (
				55F9C27317E45CF700C2B07A /* Debug */,
				55F9C27417E45CF700C2B07A /* Release */,
			);
			defaultConfigurationIsVisible = 0;
			defaultConfigurationName = Release;
		};
/* End XCConfigurationList section */
	};
	rootObject = 55F9C25C17E45CF700C2B07A /* Project object */;
}
